
Microsoft Visual Studio Solution File, Format Version 12.00
# Visual Studio 15
VisualStudioVersion = 15.0.27130.2027
MinimumVisualStudioVersion = 10.0.40219.1
Project("{FAE04EC0-301F-11D3-BF4B-00C04F79EFBC}") = "PracticeApplication", "PracticeApplication\PracticeApplication.csproj", "{5108787C-B563-4666-AA9A-754AB759FF30}"
EndProject
Global
	GlobalSection(SolutionConfigurationPlatforms) = preSolution
		Debug|Any CPU = Debug|Any CPU
		Release|Any CPU = Release|Any CPU
	EndGlobalSection
	GlobalSection(ProjectConfigurationPlatforms) = postSolution
		{5108787C-B563-4666-AA9A-754AB759FF30}.Debug|Any CPU.ActiveCfg = Debug|Any CPU
		{5108787C-B563-4666-AA9A-754AB759FF30}.Debug|Any CPU.Build.0 = Debug|Any CPU
		{5108787C-B563-4666-AA9A-754AB759FF30}.Release|Any CPU.ActiveCfg = Release|Any CPU
		{5108787C-B563-4666-AA9A-754AB759FF30}.Release|Any CPU.Build.0 = Release|Any CPU
	EndGlobalSection
	GlobalSection(SolutionProperties) = preSolution
		HideSolutionNode = FALSE
	EndGlobalSection
	GlobalSection(ExtensibilityGlobals) = postSolution
		SolutionGuid = {44FC1D65-D6C7-4691-A488-6A769F6E642C}
	EndGlobalSection
EndGlobal
